// !$*UTF8*$!
{
	archiveVersion = 1;
	classes = {
	};
	objectVersion = 46;
	objects = {

/* Begin PBXBuildFile section */
		C2C03ADD1BE050F2007B27DC /* AppDelegate.swift in Sources */ = {isa = PBXBuildFile; fileRef = C2C03ADC1BE050F2007B27DC /* AppDelegate.swift */; };
		C2C03ADF1BE050F2007B27DC /* ViewController.swift in Sources */ = {isa = PBXBuildFile; fileRef = C2C03ADE1BE050F2007B27DC /* ViewController.swift */; };
		C2C03AE21BE050F2007B27DC /* Main.storyboard in Resources */ = {isa = PBXBuildFile; fileRef = C2C03AE01BE050F2007B27DC /* Main.storyboard */; };
		C2C03AE41BE050F2007B27DC /* Assets.xcassets in Resources */ = {isa = PBXBuildFile; fileRef = C2C03AE31BE050F2007B27DC /* Assets.xcassets */; };
		C2C03AE71BE050F2007B27DC /* LaunchScreen.storyboard in Resources */ = {isa = PBXBuildFile; fileRef = C2C03AE51BE050F2007B27DC /* LaunchScreen.storyboard */; };
/* End PBXBuildFile section */

/* Begin PBXFileReference section */
		C2C03AD91BE050F2007B27DC /* dropbox-carousel.app */ = {isa = PBXFileReference; explicitFileType = wrapper.application; includeInIndex = 0; path = "dropbox-carousel.app"; sourceTree = BUILT_PRODUCTS_DIR; };
		C2C03ADC1BE050F2007B27DC /* AppDelegate.swift */ = {isa = PBXFileReference; lastKnownFileType = sourcecode.swift; path = AppDelegate.swift; sourceTree = "<group>"; };
		C2C03ADE1BE050F2007B27DC /* ViewController.swift */ = {isa = PBXFileReference; lastKnownFileType = sourcecode.swift; path = ViewController.swift; sourceTree = "<group>"; };
		C2C03AE11BE050F2007B27DC /* Base */ = {isa = PBXFileReference; lastKnownFileType = file.storyboard; name = Base; path = Base.lproj/Main.storyboard; sourceTree = "<group>"; };
		C2C03AE31BE050F2007B27DC /* Assets.xcassets */ = {isa = PBXFileReference; lastKnownFileType = folder.assetcatalog; path = Assets.xcassets; sourceTree = "<group>"; };
		C2C03AE61BE050F2007B27DC /* Base */ = {isa = PBXFileReference; lastKnownFileType = file.storyboard; name = Base; path = Base.lproj/LaunchScreen.storyboard; sourceTree = "<group>"; };
		C2C03AE81BE050F2007B27DC /* Info.plist */ = {isa = PBXFileReference; lastKnownFileType = text.plist.xml; path = Info.plist; sourceTree = "<group>"; };
/* End PBXFileReference section */

/* Begin PBXFrameworksBuildPhase section */
		C2C03AD61BE050F2007B27DC /* Frameworks */ = {
			isa = PBXFrameworksBuildPhase;
			buildActionMask = 2147483647;
			files = (
			);
			runOnlyForDeploymentPostprocessing = 0;
		};
/* End PBXFrameworksBuildPhase section */

/* Begin PBXGroup section */
		C2C03AD01BE050F2007B27DC = {
			isa = PBXGroup;
			children = (
				C2C03ADB1BE050F2007B27DC /* dropbox-carousel */,
				C2C03ADA1BE050F2007B27DC /* Products */,
			);
			sourceTree = "<group>";
		};
		C2C03ADA1BE050F2007B27DC /* Products */ = {
			isa = PBXGroup;
			children = (
				C2C03AD91BE050F2007B27DC /* dropbox-carousel.app */,
			);
			name = Products;
			sourceTree = "<group>";
		};
		C2C03ADB1BE050F2007B27DC /* dropbox-carousel */ = {
			isa = PBXGroup;
			children = (
				C2C03ADC1BE050F2007B27DC /* AppDelegate.swift */,
				C2C03ADE1BE050F2007B27DC /* ViewController.swift */,
				C2C03AE01BE050F2007B27DC /* Main.storyboard */,
				C2C03AE31BE050F2007B27DC /* Assets.xcassets */,
				C2C03AE51BE050F2007B27DC /* LaunchScreen.storyboard */,
				C2C03AE81BE050F2007B27DC /* Info.plist */,
			);
			path = "dropbox-carousel";
			sourceTree = "<group>";
		};
/* End PBXGroup section */

/* Begin PBXNativeTarget section */
		C2C03AD81BE050F2007B27DC /* dropbox-carousel */ = {
			isa = PBXNativeTarget;
			buildConfigurationList = C2C03AEB1BE050F2007B27DC /* Build configuration list for PBXNativeTarget "dropbox-carousel" */;
			buildPhases = (
				C2C03AD51BE050F2007B27DC /* Sources */,
				C2C03AD61BE050F2007B27DC /* Frameworks */,
				C2C03AD71BE050F2007B27DC /* Resources */,
			);
			buildRules = (
			);
			dependencies = (
			);
			name = "dropbox-carousel";
			productName = "dropbox-carousel";
			productReference = C2C03AD91BE050F2007B27DC /* dropbox-carousel.app */;
			productType = "com.apple.product-type.application";
		};
/* End PBXNativeTarget section */

/* Begin PBXProject section */
		C2C03AD11BE050F2007B27DC /* Project object */ = {
			isa = PBXProject;
			attributes = {
				LastUpgradeCheck = 0700;
				ORGANIZATIONNAME = "Andy Taylor";
				TargetAttributes = {
					C2C03AD81BE050F2007B27DC = {
						CreatedOnToolsVersion = 7.0.1;
						DevelopmentTeam = 7JJG8MJLCH;
					};
				};
			};
			buildConfigurationList = C2C03AD41BE050F2007B27DC /* Build configuration list for PBXProject "dropbox-carousel" */;
			compatibilityVersion = "Xcode 3.2";
			developmentRegion = English;
			hasScannedForEncodings = 0;
			knownRegions = (
				en,
				Base,
			);
			mainGroup = C2C03AD01BE050F2007B27DC;
			productRefGroup = C2C03ADA1BE050F2007B27DC /* Products */;
			projectDirPath = "";
			projectRoot = "";
			targets = (
				C2C03AD81BE050F2007B27DC /* dropbox-carousel */,
			);
		};
/* End PBXProject section */

/* Begin PBXResourcesBuildPhase section */
		C2C03AD71BE050F2007B27DC /* Resources */ = {
			isa = PBXResourcesBuildPhase;
			buildActionMask = 2147483647;
			files = (
				C2C03AE71BE050F2007B27DC /* LaunchScreen.storyboard in Resources */,
				C2C03AE41BE050F2007B27DC /* Assets.xcassets in Resources */,
				C2C03AE21BE050F2007B27DC /* Main.storyboard in Resources */,
			);
			runOnlyForDeploymentPostprocessing = 0;
		};
/* End PBXResourcesBuildPhase section */

/* Begin PBXSourcesBuildPhase section */
		C2C03AD51BE050F2007B27DC /* Sources */ = {
			isa = PBXSourcesBuildPhase;
			buildActionMask = 2147483647;
			files = (
				C2C03ADF1BE050F2007B27DC /* ViewController.swift in Sources */,
				C2C03ADD1BE050F2007B27DC /* AppDelegate.swift in Sources */,
			);
			runOnlyForDeploymentPostprocessing = 0;
		};
/* End PBXSourcesBuildPhase section */

/* Begin PBXVariantGroup section */
		C2C03AE01BE050F2007B27DC /* Main.storyboard */ = {
			isa = PBXVariantGroup;
			children = (
				C2C03AE11BE050F2007B27DC /* Base */,
			);
			name = Main.storyboard;
			sourceTree = "<group>";
		};
		C2C03AE51BE050F2007B27DC /* LaunchScreen.storyboard */ = {
			isa = PBXVariantGroup;
			children = (
				C2C03AE61BE050F2007B27DC /* Base */,
			);
			name = LaunchScreen.storyboard;
			sourceTree = "<group>";
		};
/* End PBXVariantGroup section */

/* Begin XCBuildConfiguration section */
		C2C03AE91BE050F2007B27DC /* Debug */ = {
			isa = XCBuildConfiguration;
			buildSettings = {
				ALWAYS_SEARCH_USER_PATHS = NO;
				CLANG_CXX_LANGUAGE_STANDARD = "gnu++0x";
				CLANG_CXX_LIBRARY = "libc++";
				CLANG_ENABLE_MODULES = YES;
				CLANG_ENABLE_OBJC_ARC = YES;
				CLANG_WARN_BOOL_CONVERSION = YES;
				CLANG_WARN_CONSTANT_CONVERSION = YES;
				CLANG_WARN_DIRECT_OBJC_ISA_USAGE = YES_ERROR;
				CLANG_WARN_EMPTY_BODY = YES;
				CLANG_WARN_ENUM_CONVERSION = YES;
				CLANG_WARN_INT_CONVERSION = YES;
				CLANG_WARN_OBJC_ROOT_CLASS = YES_ERROR;
				CLANG_WARN_UNREACHABLE_CODE = YES;
				CLANG_WARN__DUPLICATE_METHOD_MATCH = YES;
				"CODE_SIGN_IDENTITY[sdk=iphoneos*]" = "iPhone Developer";
				COPY_PHASE_STRIP = NO;
				DEBUG_INFORMATION_FORMAT = dwarf;
				ENABLE_STRICT_OBJC_MSGSEND = YES;
				ENABLE_TESTABILITY = YES;
				GCC_C_LANGUAGE_STANDARD = gnu99;
				GCC_DYNAMIC_NO_PIC = NO;
				GCC_NO_COMMON_BLOCKS = YES;
				GCC_OPTIMIZATION_LEVEL = 0;
				GCC_PREPROCESSOR_DEFINITIONS = (
					"DEBUG=1",
					"$(inherited)",
				);
				GCC_WARN_64_TO_32_BIT_CONVERSION = YES;
				GCC_WARN_ABOUT_RETURN_TYPE = YES_ERROR;
				GCC_WARN_UNDECLARED_SELECTOR = YES;
				GCC_WARN_UNINITIALIZED_AUTOS = YES_AGGRESSIVE;
				GCC_WARN_UNUSED_FUNCTION = YES;
				GCC_WARN_UNUSED_VARIABLE = YES;
				IPHONEOS_DEPLOYMENT_TARGET = 9.0;
				MTL_ENABLE_DEBUG_INFO = YES;
				ONLY_ACTIVE_ARCH = YES;
				SDKROOT = iphoneos;
				SWIFT_OPTIMIZATION_LEVEL = "-Onone";
			};
			name = Debug;
		};
		C2C03AEA1BE050F2007B27DC /* Release */ = {
			isa = XCBuildConfiguration;
			buildSettings = {
				ALWAYS_SEARCH_USER_PATHS = NO;
				CLANG_CXX_LANGUAGE_STANDARD = "gnu++0x";
				CLANG_CXX_LIBRARY = "libc++";
				CLANG_ENABLE_MODULES = YES;
				CLANG_ENABLE_OBJC_ARC = YES;
				CLANG_WARN_BOOL_CONVERSION = YES;
				CLANG_WARN_CONSTANT_CONVERSION = YES;
				CLANG_WARN_DIRECT_OBJC_ISA_USAGE = YES_ERROR;
				CLANG_WARN_EMPTY_BODY = YES;
				CLANG_WARN_ENUM_CONVERSION = YES;
				CLANG_WARN_INT_CONVERSION = YES;
				CLANG_WARN_OBJC_ROOT_CLASS = YES_ERROR;
				CLANG_WARN_UNREACHABLE_CODE = YES;
				CLANG_WARN__DUPLICATE_METHOD_MATCH = YES;
				"CODE_SIGN_IDENTITY[sdk=iphoneos*]" = "iPhone Developer";
				COPY_PHASE_STRIP = NO;
				DEBUG_INFORMATION_FORMAT = "dwarf-with-dsym";
				ENABLE_NS_ASSERTIONS = NO;
				ENABLE_STRICT_OBJC_MSGSEND = YES;
				GCC_C_LANGUAGE_STANDARD = gnu99;
				GCC_NO_COMMON_BLOCKS = YES;
				GCC_WARN_64_TO_32_BIT_CONVERSION = YES;
				GCC_WARN_ABOUT_RETURN_TYPE = YES_ERROR;
				GCC_WARN_UNDECLARED_SELECTOR = YES;
				GCC_WARN_UNINITIALIZED_AUTOS = YES_AGGRESSIVE;
				GCC_WARN_UNUSED_FUNCTION = YES;
				GCC_WARN_UNUSED_VARIABLE = YES;
				IPHONEOS_DEPLOYMENT_TARGET = 9.0;
				MTL_ENABLE_DEBUG_INFO = NO;
				SDKROOT = iphoneos;
				VALIDATE_PRODUCT = YES;
			};
			name = Release;
		};
		C2C03AEC1BE050F2007B27DC /* Debug */ = {
			isa = XCBuildConfiguration;
			buildSettings = {
				ASSETCATALOG_COMPILER_APPICON_NAME = AppIcon;
				INFOPLIST_FILE = "dropbox-carousel/Info.plist";
				LD_RUNPATH_SEARCH_PATHS = "$(inherited) @executable_path/Frameworks";
				PRODUCT_BUNDLE_IDENTIFIER = "andytaylor.dropbox-carousel";
				PRODUCT_NAME = "$(TARGET_NAME)";
			};
			name = Debug;
		};
		C2C03AED1BE050F2007B27DC /* Release */ = {
			isa = XCBuildConfiguration;
			buildSettings = {
				ASSETCATALOG_COMPILER_APPICON_NAME = AppIcon;
				INFOPLIST_FILE = "dropbox-carousel/Info.plist";
				LD_RUNPATH_SEARCH_PATHS = "$(inherited) @executable_path/Frameworks";
				PRODUCT_BUNDLE_IDENTIFIER = "andytaylor.dropbox-carousel";
				PRODUCT_NAME = "$(TARGET_NAME)";
			};
			name = Release;
		};
/* End XCBuildConfiguration section */

/* Begin XCConfigurationList section */
		C2C03AD41BE050F2007B27DC /* Build configuration list for PBXProject "dropbox-carousel" */ = {
			isa = XCConfigurationList;
			buildConfigurations = (
				C2C03AE91BE050F2007B27DC /* Debug */,
				C2C03AEA1BE050F2007B27DC /* Release */,
			);
			defaultConfigurationIsVisible = 0;
			defaultConfigurationName = Release;
		};
		C2C03AEB1BE050F2007B27DC /* Build configuration list for PBXNativeTarget "dropbox-carousel" */ = {
			isa = XCConfigurationList;
			buildConfigurations = (
				C2C03AEC1BE050F2007B27DC /* Debug */,
				C2C03AED1BE050F2007B27DC /* Release */,
			);
			defaultConfigurationIsVisible = 0;
		};
/* End XCConfigurationList section */
	};
	rootObject = C2C03AD11BE050F2007B27DC /* Project object */;
}
